
Microsoft Visual Studio Solution File, Format Version 12.00
Project("{FAE04EC0-301F-11D3-BF4B-00C04F79EFBC}") = "Service", "Service\Service.csproj", "{364343C5-C234-46A7-9247-2C0142F90390}"
EndProject
Project("{FAE04EC0-301F-11D3-BF4B-00C04F79EFBC}") = "Contracts", "Contracts\Contracts.csproj", "{DB9BA03D-0062-48A4-ACBC-67FCF972EDEC}"
EndProject
Project("{FAE04EC0-301F-11D3-BF4B-00C04F79EFBC}") = "Domain", "Domain\Domain.csproj", "{5C3184A3-9B97-428E-95C2-665C3A9D54C2}"
EndProject
Project("{FAE04EC0-301F-11D3-BF4B-00C04F79EFBC}") = "Tests.Primitives", "Tests.Primitives\Tests.Primitives.csproj", "{AC956FCB-9A35-4EA3-AA09-4D0ABF942928}"
EndProject
Global
	GlobalSection(SolutionConfigurationPlatforms) = preSolution
		Debug|Any CPU = Debug|Any CPU
		Release|Any CPU = Release|Any CPU
	EndGlobalSection
	GlobalSection(ProjectConfigurationPlatforms) = postSolution
		{364343C5-C234-46A7-9247-2C0142F90390}.Debug|Any CPU.ActiveCfg = Debug|Any CPU
		{364343C5-C234-46A7-9247-2C0142F90390}.Debug|Any CPU.Build.0 = Debug|Any CPU
		{364343C5-C234-46A7-9247-2C0142F90390}.Release|Any CPU.ActiveCfg = Release|Any CPU
		{364343C5-C234-46A7-9247-2C0142F90390}.Release|Any CPU.Build.0 = Release|Any CPU
		{DB9BA03D-0062-48A4-ACBC-67FCF972EDEC}.Debug|Any CPU.ActiveCfg = Debug|Any CPU
		{DB9BA03D-0062-48A4-ACBC-67FCF972EDEC}.Debug|Any CPU.Build.0 = Debug|Any CPU
		{DB9BA03D-0062-48A4-ACBC-67FCF972EDEC}.Release|Any CPU.ActiveCfg = Release|Any CPU
		{DB9BA03D-0062-48A4-ACBC-67FCF972EDEC}.Release|Any CPU.Build.0 = Release|Any CPU
		{5C3184A3-9B97-428E-95C2-665C3A9D54C2}.Debug|Any CPU.ActiveCfg = Debug|Any CPU
		{5C3184A3-9B97-428E-95C2-665C3A9D54C2}.Debug|Any CPU.Build.0 = Debug|Any CPU
		{5C3184A3-9B97-428E-95C2-665C3A9D54C2}.Release|Any CPU.ActiveCfg = Release|Any CPU
		{5C3184A3-9B97-428E-95C2-665C3A9D54C2}.Release|Any CPU.Build.0 = Release|Any CPU
		{AC956FCB-9A35-4EA3-AA09-4D0ABF942928}.Debug|Any CPU.ActiveCfg = Debug|Any CPU
		{AC956FCB-9A35-4EA3-AA09-4D0ABF942928}.Debug|Any CPU.Build.0 = Debug|Any CPU
		{AC956FCB-9A35-4EA3-AA09-4D0ABF942928}.Release|Any CPU.ActiveCfg = Release|Any CPU
		{AC956FCB-9A35-4EA3-AA09-4D0ABF942928}.Release|Any CPU.Build.0 = Release|Any CPU
	EndGlobalSection
EndGlobal
